
Microsoft Visual Studio Solution File, Format Version 12.00
# Visual Studio 15
VisualStudioVersion = 15.0.28010.2019
MinimumVisualStudioVersion = 10.0.40219.1
Project("{9A19103F-16F7-4668-BE54-9A1E7A4F7556}") = "ParquetToSql", "ParquetToSql\ParquetToSql.csproj", "{5E8EB782-BA3B-4633-B61A-9E02BA6A2F9F}"
EndProject
Project("{FAE04EC0-301F-11D3-BF4B-00C04F79EFBC}") = "ParquetToSql.Tests", "ParquetToSql.Tests\ParquetToSql.Tests.csproj", "{689A4812-3C72-4C1D-A89E-E702454C14A6}"
EndProject
Global
	GlobalSection(SolutionConfigurationPlatforms) = preSolution
		Debug|Any CPU = Debug|Any CPU
		Release|Any CPU = Release|Any CPU
	EndGlobalSection
	GlobalSection(ProjectConfigurationPlatforms) = postSolution
		{5E8EB782-BA3B-4633-B61A-9E02BA6A2F9F}.Debug|Any CPU.ActiveCfg = Debug|Any CPU
		{5E8EB782-BA3B-4633-B61A-9E02BA6A2F9F}.Debug|Any CPU.Build.0 = Debug|Any CPU
		{5E8EB782-BA3B-4633-B61A-9E02BA6A2F9F}.Release|Any CPU.ActiveCfg = Release|Any CPU
		{5E8EB782-BA3B-4633-B61A-9E02BA6A2F9F}.Release|Any CPU.Build.0 = Release|Any CPU
		{689A4812-3C72-4C1D-A89E-E702454C14A6}.Debug|Any CPU.ActiveCfg = Debug|Any CPU
		{689A4812-3C72-4C1D-A89E-E702454C14A6}.Debug|Any CPU.Build.0 = Debug|Any CPU
		{689A4812-3C72-4C1D-A89E-E702454C14A6}.Release|Any CPU.ActiveCfg = Release|Any CPU
		{689A4812-3C72-4C1D-A89E-E702454C14A6}.Release|Any CPU.Build.0 = Release|Any CPU
	EndGlobalSection
	GlobalSection(SolutionProperties) = preSolution
		HideSolutionNode = FALSE
	EndGlobalSection
	GlobalSection(ExtensibilityGlobals) = postSolution
		SolutionGuid = {FE6E9F0B-27D1-4943-BE53-771407769916}
	EndGlobalSection
EndGlobal
